
Microsoft Visual Studio Solution File, Format Version 12.00
# Visual Studio Version 17
VisualStudioVersion = 17.2.32616.157
MinimumVisualStudioVersion = 10.0.40219.1
Project("{9A19103F-16F7-4668-BE54-9A1E7A4F7556}") = "sampleapp", "src\sampleapp\sampleapp.csproj", "{001D904D-84B1-4441-BB71-FB799274A91A}"
EndProject
Project("{9A19103F-16F7-4668-BE54-9A1E7A4F7556}") = "Persistence", "src\Persistence\Persistence.csproj", "{15E8DDEC-6C78-4A57-BD3D-2437312FCAFE}"
EndProject
Project("{2150E333-8FDC-42A3-9474-1A3956D46DE8}") = "Solution Items", "Solution Items", "{5B143BAF-131E-408F-ACBB-3B1814028171}"
	ProjectSection(SolutionItems) = preProject
		azure-pipelines.yml = azure-pipelines.yml
		cloudbuild3.yaml = cloudbuild3.yaml
		Dockerfile = Dockerfile
		kubedeployconfigs\kubedeployconfigs.yaml = kubedeployconfigs\kubedeployconfigs.yaml
	EndProjectSection
EndProject
Project("{FAE04EC0-301F-11D3-BF4B-00C04F79EFBC}") = "samplefnapp", "samplefnapp\samplefnapp.csproj", "{140751D8-0217-42D8-92A5-CE001A0C19F6}"
EndProject
Global
	GlobalSection(SolutionConfigurationPlatforms) = preSolution
		Debug|Any CPU = Debug|Any CPU
		Release|Any CPU = Release|Any CPU
	EndGlobalSection
	GlobalSection(ProjectConfigurationPlatforms) = postSolution
		{001D904D-84B1-4441-BB71-FB799274A91A}.Debug|Any CPU.ActiveCfg = Debug|Any CPU
		{001D904D-84B1-4441-BB71-FB799274A91A}.Debug|Any CPU.Build.0 = Debug|Any CPU
		{001D904D-84B1-4441-BB71-FB799274A91A}.Release|Any CPU.ActiveCfg = Release|Any CPU
		{001D904D-84B1-4441-BB71-FB799274A91A}.Release|Any CPU.Build.0 = Release|Any CPU
		{15E8DDEC-6C78-4A57-BD3D-2437312FCAFE}.Debug|Any CPU.ActiveCfg = Debug|Any CPU
		{15E8DDEC-6C78-4A57-BD3D-2437312FCAFE}.Debug|Any CPU.Build.0 = Debug|Any CPU
		{15E8DDEC-6C78-4A57-BD3D-2437312FCAFE}.Release|Any CPU.ActiveCfg = Release|Any CPU
		{15E8DDEC-6C78-4A57-BD3D-2437312FCAFE}.Release|Any CPU.Build.0 = Release|Any CPU
		{140751D8-0217-42D8-92A5-CE001A0C19F6}.Debug|Any CPU.ActiveCfg = Debug|Any CPU
		{140751D8-0217-42D8-92A5-CE001A0C19F6}.Debug|Any CPU.Build.0 = Debug|Any CPU
		{140751D8-0217-42D8-92A5-CE001A0C19F6}.Release|Any CPU.ActiveCfg = Release|Any CPU
		{140751D8-0217-42D8-92A5-CE001A0C19F6}.Release|Any CPU.Build.0 = Release|Any CPU
	EndGlobalSection
	GlobalSection(SolutionProperties) = preSolution
		HideSolutionNode = FALSE
	EndGlobalSection
	GlobalSection(ExtensibilityGlobals) = postSolution
		SolutionGuid = {2BE65E88-7945-4F3D-8D13-747F33C0C6B0}
	EndGlobalSection
EndGlobal
